
Microsoft Visual Studio Solution File, Format Version 12.00
# Visual Studio 15
VisualStudioVersion = 15.0.26228.9
MinimumVisualStudioVersion = 10.0.40219.1
Project("{FAE04EC0-301F-11D3-BF4B-00C04F79EFBC}") = "ITAdvices", "ITAdvices\ITAdvices.csproj", "{85102555-2C62-4952-9206-9DF53F702E7D}"
EndProject
Project("{FAE04EC0-301F-11D3-BF4B-00C04F79EFBC}") = "BusinessLogic", "BusinessLogic\BusinessLogic.csproj", "{AB1E1085-4B4E-4B32-BC9B-6AFC6D40C7A8}"
EndProject
Global
	GlobalSection(SolutionConfigurationPlatforms) = preSolution
		Debug|Any CPU = Debug|Any CPU
		Release|Any CPU = Release|Any CPU
	EndGlobalSection
	GlobalSection(ProjectConfigurationPlatforms) = postSolution
		{85102555-2C62-4952-9206-9DF53F702E7D}.Debug|Any CPU.ActiveCfg = Debug|Any CPU
		{85102555-2C62-4952-9206-9DF53F702E7D}.Debug|Any CPU.Build.0 = Debug|Any CPU
		{85102555-2C62-4952-9206-9DF53F702E7D}.Release|Any CPU.ActiveCfg = Release|Any CPU
		{85102555-2C62-4952-9206-9DF53F702E7D}.Release|Any CPU.Build.0 = Release|Any CPU
		{AB1E1085-4B4E-4B32-BC9B-6AFC6D40C7A8}.Debug|Any CPU.ActiveCfg = Debug|Any CPU
		{AB1E1085-4B4E-4B32-BC9B-6AFC6D40C7A8}.Debug|Any CPU.Build.0 = Debug|Any CPU
		{AB1E1085-4B4E-4B32-BC9B-6AFC6D40C7A8}.Release|Any CPU.ActiveCfg = Release|Any CPU
		{AB1E1085-4B4E-4B32-BC9B-6AFC6D40C7A8}.Release|Any CPU.Build.0 = Release|Any CPU
	EndGlobalSection
	GlobalSection(SolutionProperties) = preSolution
		HideSolutionNode = FALSE
	EndGlobalSection
EndGlobal
